
Microsoft Visual Studio Solution File, Format Version 12.00
# Visual Studio Version 17
VisualStudioVersion = 17.13.36105.23 d17.13
MinimumVisualStudioVersion = 10.0.40219.1
Project("{FAE04EC0-301F-11D3-BF4B-00C04F79EFBC}") = "sistemapapersoft", "sistemapapersoft\sistemapapersoft.csproj", "{CF6C34B7-371F-41A3-9C14-151A96CFA27F}"
EndProject
Global
	GlobalSection(SolutionConfigurationPlatforms) = preSolution
		Debug|Any CPU = Debug|Any CPU
		Release|Any CPU = Release|Any CPU
	EndGlobalSection
	GlobalSection(ProjectConfigurationPlatforms) = postSolution
		{CF6C34B7-371F-41A3-9C14-151A96CFA27F}.Debug|Any CPU.ActiveCfg = Debug|Any CPU
		{CF6C34B7-371F-41A3-9C14-151A96CFA27F}.Debug|Any CPU.Build.0 = Debug|Any CPU
		{CF6C34B7-371F-41A3-9C14-151A96CFA27F}.Release|Any CPU.ActiveCfg = Release|Any CPU
		{CF6C34B7-371F-41A3-9C14-151A96CFA27F}.Release|Any CPU.Build.0 = Release|Any CPU
	EndGlobalSection
	GlobalSection(SolutionProperties) = preSolution
		HideSolutionNode = FALSE
	EndGlobalSection
	GlobalSection(ExtensibilityGlobals) = postSolution
		SolutionGuid = {FA4DCE0D-0670-4AEF-831B-C8B78E211AA7}
	EndGlobalSection
EndGlobal
